
Microsoft Visual Studio Solution File, Format Version 12.00
# Visual Studio 15
VisualStudioVersion = 15.0.28307.168
MinimumVisualStudioVersion = 10.0.40219.1
Project("{FAE04EC0-301F-11D3-BF4B-00C04F79EFBC}") = "CrimsonDev.Gameteki.StyleCop.Rules", "CrimsonDev.Gameteki.StyleCop.Rules.csproj", "{D7329119-C870-4C9C-9B29-F2DA4B8B8448}"
EndProject
Global
	GlobalSection(SolutionConfigurationPlatforms) = preSolution
		Debug|Any CPU = Debug|Any CPU
		Release|Any CPU = Release|Any CPU
	EndGlobalSection
	GlobalSection(ProjectConfigurationPlatforms) = postSolution
		{D7329119-C870-4C9C-9B29-F2DA4B8B8448}.Debug|Any CPU.ActiveCfg = Debug|Any CPU
		{D7329119-C870-4C9C-9B29-F2DA4B8B8448}.Debug|Any CPU.Build.0 = Debug|Any CPU
		{D7329119-C870-4C9C-9B29-F2DA4B8B8448}.Release|Any CPU.ActiveCfg = Release|Any CPU
		{D7329119-C870-4C9C-9B29-F2DA4B8B8448}.Release|Any CPU.Build.0 = Release|Any CPU
	EndGlobalSection
	GlobalSection(SolutionProperties) = preSolution
		HideSolutionNode = FALSE
	EndGlobalSection
	GlobalSection(ExtensibilityGlobals) = postSolution
		SolutionGuid = {E1DE4D1C-504D-48FF-B40A-3854B9D81BC2}
	EndGlobalSection
EndGlobal
